
Microsoft Visual Studio Solution File, Format Version 12.00
# Visual Studio Version 17
VisualStudioVersion = 17.8.34525.116
MinimumVisualStudioVersion = 10.0.40219.1
Project("{FAE04EC0-301F-11D3-BF4B-00C04F79EFBC}") = "Praktos3", "Praktos3.csproj", "{F1D7F59A-2818-42C2-969C-73F43531FFB0}"
EndProject
Global
	GlobalSection(SolutionConfigurationPlatforms) = preSolution
		Debug|Any CPU = Debug|Any CPU
		Release|Any CPU = Release|Any CPU
	EndGlobalSection
	GlobalSection(ProjectConfigurationPlatforms) = postSolution
		{F1D7F59A-2818-42C2-969C-73F43531FFB0}.Debug|Any CPU.ActiveCfg = Debug|Any CPU
		{F1D7F59A-2818-42C2-969C-73F43531FFB0}.Debug|Any CPU.Build.0 = Debug|Any CPU
		{F1D7F59A-2818-42C2-969C-73F43531FFB0}.Release|Any CPU.ActiveCfg = Release|Any CPU
		{F1D7F59A-2818-42C2-969C-73F43531FFB0}.Release|Any CPU.Build.0 = Release|Any CPU
	EndGlobalSection
	GlobalSection(SolutionProperties) = preSolution
		HideSolutionNode = FALSE
	EndGlobalSection
	GlobalSection(ExtensibilityGlobals) = postSolution
		SolutionGuid = {EFC192D8-E215-4D7D-BE25-5855EE15863F}
	EndGlobalSection
EndGlobal
